
Microsoft Visual Studio Solution File, Format Version 12.00
# Visual Studio 15
VisualStudioVersion = 15.0.28307.329
MinimumVisualStudioVersion = 10.0.40219.1
Project("{FAE04EC0-301F-11D3-BF4B-00C04F79EFBC}") = "MBrowser", "MBrowser\MBrowser.csproj", "{681DAE31-66D6-44A8-8F44-B16B91648894}"
EndProject
Global
	GlobalSection(SolutionConfigurationPlatforms) = preSolution
		Debug|Any CPU = Debug|Any CPU
		Release|Any CPU = Release|Any CPU
	EndGlobalSection
	GlobalSection(ProjectConfigurationPlatforms) = postSolution
		{681DAE31-66D6-44A8-8F44-B16B91648894}.Debug|Any CPU.ActiveCfg = Debug|Any CPU
		{681DAE31-66D6-44A8-8F44-B16B91648894}.Debug|Any CPU.Build.0 = Debug|Any CPU
		{681DAE31-66D6-44A8-8F44-B16B91648894}.Release|Any CPU.ActiveCfg = Release|Any CPU
		{681DAE31-66D6-44A8-8F44-B16B91648894}.Release|Any CPU.Build.0 = Release|Any CPU
	EndGlobalSection
	GlobalSection(SolutionProperties) = preSolution
		HideSolutionNode = FALSE
	EndGlobalSection
	GlobalSection(ExtensibilityGlobals) = postSolution
		SolutionGuid = {F988D0A1-68F9-408F-8196-3335305DC31E}
	EndGlobalSection
EndGlobal
